{
  "version": 4,
  "terraform_version": "1.10.5",
  "serial": 67,
  "lineage": "01f327ab-b5ab-d067-467f-0fcce538b163",
  "outputs": {},
  "resources": [
    {
      "mode": "managed",
      "type": "xray_license_policy",
      "name": "Prod-License-Policy",
      "provider": "provider[\"registry.terraform.io/jfrog/xray\"]",
      "instances": [
        {
          "schema_version": 1,
          "attributes": {
            "author": "dhanushvm@jfrog.com",
            "created": "2025-02-11T20:34:20.535Z",
            "description": "This is a License Policy for Production Repos and Builds",
            "id": "Prod-License-Policy",
            "modified": "2025-02-11T20:34:20.535Z",
            "name": "Prod-License-Policy",
            "project_key": null,
            "rule": [
              {
                "actions": [
                  {
                    "block_download": [
                      {
                        "active": true,
                        "unscanned": false
                      }
                    ],
                    "block_release_bundle_distribution": false,
                    "build_failure_grace_period_in_days": null,
                    "create_ticket_enabled": false,
                    "custom_severity": "high",
                    "fail_build": true,
                    "mails": [],
                    "notify_deployer": true,
                    "notify_watch_recipients": false,
                    "webhooks": []
                  }
                ],
                "criteria": [
                  {
                    "allow_unknown": true,
                    "allowed_licenses": [],
                    "banned_licenses": [
                      "BSD 2-Clause",
                      "GPL-3.0"
                    ],
                    "multi_license_permissive": false
                  }
                ],
                "name": "banned",
                "priority": 1
              }
            ],
            "type": "license"
          },
          "sensitive_attributes": [],
          "private": "eyJzY2hlbWFfdmVyc2lvbiI6IjEifQ=="
        }
      ]
    },
    {
      "mode": "managed",
      "type": "xray_security_policy",
      "name": "Prod-Security-Policy",
      "provider": "provider[\"registry.terraform.io/jfrog/xray\"]",
      "instances": [
        {
          "schema_version": 1,
          "attributes": {
            "author": "dhanushvm@jfrog.com",
            "created": "2025-02-11T20:34:20.788Z",
            "description": "This is a Security Policy for production Repos and Builds",
            "id": "Prod-Security-Policy",
            "modified": "2025-02-11T20:34:20.788Z",
            "name": "Prod-Security-Policy",
            "project_key": null,
            "rule": [
              {
                "actions": [
                  {
                    "block_download": [
                      {
                        "active": true,
                        "unscanned": false
                      }
                    ],
                    "block_release_bundle_distribution": false,
                    "build_failure_grace_period_in_days": null,
                    "create_ticket_enabled": false,
                    "fail_build": true,
                    "mails": [],
                    "notify_deployer": true,
                    "notify_watch_recipients": false,
                    "webhooks": []
                  }
                ],
                "criteria": [
                  {
                    "cvss_range": [],
                    "fix_version_dependant": false,
                    "min_severity": "high"
                  }
                ],
                "name": "high",
                "priority": 1
              }
            ],
            "type": "security"
          },
          "sensitive_attributes": [],
          "private": "eyJzY2hlbWFfdmVyc2lvbiI6IjEifQ=="
        }
      ]
    },
    {
      "mode": "managed",
      "type": "xray_security_policy",
      "name": "security1",
      "provider": "provider[\"registry.terraform.io/jfrog/xray\"]",
      "instances": [
        {
          "schema_version": 1,
          "attributes": {
            "author": "dhanushvm@jfrog.com",
            "created": "2025-02-11T20:34:20.796Z",
            "description": "block high risk vulnerabilities",
            "id": "highRisk",
            "modified": "2025-02-11T20:34:20.796Z",
            "name": "highRisk",
            "project_key": null,
            "rule": [
              {
                "actions": [
                  {
                    "block_download": [
                      {
                        "active": true,
                        "unscanned": false
                      }
                    ],
                    "block_release_bundle_distribution": true,
                    "build_failure_grace_period_in_days": null,
                    "create_ticket_enabled": false,
                    "fail_build": true,
                    "mails": [],
                    "notify_deployer": false,
                    "notify_watch_recipients": false,
                    "webhooks": []
                  }
                ],
                "criteria": [
                  {
                    "cvss_range": [],
                    "fix_version_dependant": false,
                    "min_severity": "High"
                  }
                ],
                "name": "high",
                "priority": 1
              },
              {
                "actions": [
                  {
                    "block_download": [
                      {
                        "active": false,
                        "unscanned": false
                      }
                    ],
                    "block_release_bundle_distribution": true,
                    "build_failure_grace_period_in_days": null,
                    "create_ticket_enabled": false,
                    "fail_build": false,
                    "mails": [],
                    "notify_deployer": false,
                    "notify_watch_recipients": false,
                    "webhooks": []
                  }
                ],
                "criteria": [
                  {
                    "cvss_range": [],
                    "fix_version_dependant": false,
                    "min_severity": "Medium"
                  }
                ],
                "name": "medium",
                "priority": 2
              }
            ],
            "type": "security"
          },
          "sensitive_attributes": [],
          "private": "eyJzY2hlbWFfdmVyc2lvbiI6IjEifQ=="
        }
      ]
    },
    {
      "mode": "managed",
      "type": "xray_watch",
      "name": "Prod-Watchs",
      "provider": "provider[\"registry.terraform.io/jfrog/xray\"]",
      "instances": [
        {
          "schema_version": 0,
          "attributes": {
            "active": true,
            "assigned_policy": [
              {
                "name": "Prod-Security-Policy",
                "type": "security"
              }
            ],
            "description": "Watch for all repositories, matching the filter",
            "id": "Prod-Watch",
            "name": "Prod-Watch",
            "project_key": "bmwtest01",
            "watch_recipients": null,
            "watch_resource": [
              {
                "ant_filter": [],
                "bin_mgr_id": "default",
                "filter": [
                  {
                    "type": "regex",
                    "value": ".*"
                  }
                ],
                "name": "",
                "repo_type": "",
                "type": "all-repos"
              }
            ]
          },
          "sensitive_attributes": [],
          "private": "bnVsbA==",
          "dependencies": [
            "xray_security_policy.Prod-Security-Policy"
          ]
        }
      ]
    }
  ],
  "check_results": null
}
