{
  "version": 4,
  "terraform_version": "1.10.5",
  "serial": 1,
  "lineage": "fb4529ac-00d2-8b5d-a977-42c3a8f24d81",
  "outputs": {},
  "resources": [
    {
      "mode": "managed",
      "type": "artifactory_release_bundle_v2",
      "name": "my-release-bundle-v2-aql",
      "provider": "provider[\"registry.terraform.io/jfrog/artifactory\"]",
      "instances": [
        {
          "schema_version": 0,
          "attributes": {
            "created": "2025-02-11T20:45:10.941Z",
            "created_by": null,
            "keypair_name": "dhanush",
            "name": "my-release-bundle-v2-aql",
            "project_key": null,
            "service_id": null,
            "skip_docker_manifest_resolution": true,
            "source": {
              "aql": "items.find({\"$and\" : [{\"repo\": {\"$match\": \"TCPL-Android-Local-DEV\"}}, {\"name\": {\"$match\": \"*.*\"}}]})",
              "artifacts": null,
              "builds": null,
              "release_bundles": null
            },
            "source_type": "aql",
            "version": "1.0.0"
          },
          "sensitive_attributes": []
        }
      ]
    }
  ],
  "check_results": null
}
